
Microsoft Visual Studio Solution File, Format Version 12.00
# Visual Studio Version 17
VisualStudioVersion = 17.10.34928.147
MinimumVisualStudioVersion = 10.0.40219.1
Project("{2150E333-8FDC-42A3-9474-1A3956D46DE8}") = "server", "server", "{8F931D43-5C1A-4BB0-A03D-2D4F2D573F5B}"
EndProject
Project("{2150E333-8FDC-42A3-9474-1A3956D46DE8}") = "client", "client", "{A57C4173-555B-4017-96AF-3EEEB7FC4E39}"
EndProject
Project("{9A19103F-16F7-4668-BE54-9A1E7A4F7556}") = "TaxiCrudServer", "TaxiCrudServer\TaxiCrudServer.csproj", "{9534FDAA-6F47-4FD7-97A2-80496F8E9673}"
EndProject
Project("{2150E333-8FDC-42A3-9474-1A3956D46DE8}") = "Repository", "Repository", "{8A88D6A6-541D-46B1-A93D-D28C88636F72}"
EndProject
Project("{2150E333-8FDC-42A3-9474-1A3956D46DE8}") = "Core", "Core", "{9AC683F4-5CC9-4C3A-A72E-0E02F86470A2}"
EndProject
Project("{9A19103F-16F7-4668-BE54-9A1E7A4F7556}") = "TaxiCrudCore", "TaxiCrudCore\TaxiCrudCore.csproj", "{16E3A72A-9CE1-4A69-AAC1-C7B818FEB1E7}"
EndProject
Project("{9A19103F-16F7-4668-BE54-9A1E7A4F7556}") = "TaxiCrudRepository", "TaxiCrudRepository\TaxiCrudRepository.csproj", "{80D35927-F3FA-4C98-BA36-CCE9ED703B65}"
EndProject
Project("{9A19103F-16F7-4668-BE54-9A1E7A4F7556}") = "Server.Infrastructure", "TaxiCrut.Infrastructure\Server.Infrastructure.csproj", "{DB1C6CA6-3A91-44EE-8319-AC409DDAF76C}"
EndProject
Project("{2150E333-8FDC-42A3-9474-1A3956D46DE8}") = "Service", "Service", "{F04CC7A5-490F-4E3B-B57A-B8F778FF76C2}"
EndProject
Project("{9A19103F-16F7-4668-BE54-9A1E7A4F7556}") = "Taxi_serch.Service", "Taxi_serch.Service\Taxi_serch.Service.csproj", "{DACF3B47-FEC3-4D9E-9088-0AA375FE41D6}"
EndProject
Project("{2150E333-8FDC-42A3-9474-1A3956D46DE8}") = "Infrastructure", "Infrastructure", "{65CB8E8F-798E-49B3-99E7-D280C0F554E4}"
EndProject
Project("{9A19103F-16F7-4668-BE54-9A1E7A4F7556}") = "TaxiCrut.Client.Infrastructure", "TaxiCrut.Client.Infrastructure\TaxiCrut.Client.Infrastructure.csproj", "{EDFE90A9-63AA-4A18-984D-8389F60E7094}"
EndProject
Project("{9A19103F-16F7-4668-BE54-9A1E7A4F7556}") = "TaxiCrudClient2", "TaxiCrudClient2\TaxiCrudClient2.csproj", "{85818338-0F10-48E8-A1C6-E6AE966D175F}"
EndProject
Global
	GlobalSection(SolutionConfigurationPlatforms) = preSolution
		Debug|Any CPU = Debug|Any CPU
		Release|Any CPU = Release|Any CPU
	EndGlobalSection
	GlobalSection(ProjectConfigurationPlatforms) = postSolution
		{9534FDAA-6F47-4FD7-97A2-80496F8E9673}.Debug|Any CPU.ActiveCfg = Debug|Any CPU
		{9534FDAA-6F47-4FD7-97A2-80496F8E9673}.Debug|Any CPU.Build.0 = Debug|Any CPU
		{9534FDAA-6F47-4FD7-97A2-80496F8E9673}.Release|Any CPU.ActiveCfg = Release|Any CPU
		{9534FDAA-6F47-4FD7-97A2-80496F8E9673}.Release|Any CPU.Build.0 = Release|Any CPU
		{16E3A72A-9CE1-4A69-AAC1-C7B818FEB1E7}.Debug|Any CPU.ActiveCfg = Debug|Any CPU
		{16E3A72A-9CE1-4A69-AAC1-C7B818FEB1E7}.Debug|Any CPU.Build.0 = Debug|Any CPU
		{16E3A72A-9CE1-4A69-AAC1-C7B818FEB1E7}.Release|Any CPU.ActiveCfg = Release|Any CPU
		{16E3A72A-9CE1-4A69-AAC1-C7B818FEB1E7}.Release|Any CPU.Build.0 = Release|Any CPU
		{80D35927-F3FA-4C98-BA36-CCE9ED703B65}.Debug|Any CPU.ActiveCfg = Debug|Any CPU
		{80D35927-F3FA-4C98-BA36-CCE9ED703B65}.Debug|Any CPU.Build.0 = Debug|Any CPU
		{80D35927-F3FA-4C98-BA36-CCE9ED703B65}.Release|Any CPU.ActiveCfg = Release|Any CPU
		{80D35927-F3FA-4C98-BA36-CCE9ED703B65}.Release|Any CPU.Build.0 = Release|Any CPU
		{DB1C6CA6-3A91-44EE-8319-AC409DDAF76C}.Debug|Any CPU.ActiveCfg = Debug|Any CPU
		{DB1C6CA6-3A91-44EE-8319-AC409DDAF76C}.Debug|Any CPU.Build.0 = Debug|Any CPU
		{DB1C6CA6-3A91-44EE-8319-AC409DDAF76C}.Release|Any CPU.ActiveCfg = Release|Any CPU
		{DB1C6CA6-3A91-44EE-8319-AC409DDAF76C}.Release|Any CPU.Build.0 = Release|Any CPU
		{DACF3B47-FEC3-4D9E-9088-0AA375FE41D6}.Debug|Any CPU.ActiveCfg = Debug|Any CPU
		{DACF3B47-FEC3-4D9E-9088-0AA375FE41D6}.Debug|Any CPU.Build.0 = Debug|Any CPU
		{DACF3B47-FEC3-4D9E-9088-0AA375FE41D6}.Release|Any CPU.ActiveCfg = Release|Any CPU
		{DACF3B47-FEC3-4D9E-9088-0AA375FE41D6}.Release|Any CPU.Build.0 = Release|Any CPU
		{EDFE90A9-63AA-4A18-984D-8389F60E7094}.Debug|Any CPU.ActiveCfg = Debug|Any CPU
		{EDFE90A9-63AA-4A18-984D-8389F60E7094}.Debug|Any CPU.Build.0 = Debug|Any CPU
		{EDFE90A9-63AA-4A18-984D-8389F60E7094}.Release|Any CPU.ActiveCfg = Release|Any CPU
		{EDFE90A9-63AA-4A18-984D-8389F60E7094}.Release|Any CPU.Build.0 = Release|Any CPU
		{85818338-0F10-48E8-A1C6-E6AE966D175F}.Debug|Any CPU.ActiveCfg = Debug|Any CPU
		{85818338-0F10-48E8-A1C6-E6AE966D175F}.Debug|Any CPU.Build.0 = Debug|Any CPU
		{85818338-0F10-48E8-A1C6-E6AE966D175F}.Release|Any CPU.ActiveCfg = Release|Any CPU
		{85818338-0F10-48E8-A1C6-E6AE966D175F}.Release|Any CPU.Build.0 = Release|Any CPU
	EndGlobalSection
	GlobalSection(SolutionProperties) = preSolution
		HideSolutionNode = FALSE
	EndGlobalSection
	GlobalSection(NestedProjects) = preSolution
		{9534FDAA-6F47-4FD7-97A2-80496F8E9673} = {8F931D43-5C1A-4BB0-A03D-2D4F2D573F5B}
		{8A88D6A6-541D-46B1-A93D-D28C88636F72} = {8F931D43-5C1A-4BB0-A03D-2D4F2D573F5B}
		{9AC683F4-5CC9-4C3A-A72E-0E02F86470A2} = {8F931D43-5C1A-4BB0-A03D-2D4F2D573F5B}
		{16E3A72A-9CE1-4A69-AAC1-C7B818FEB1E7} = {9AC683F4-5CC9-4C3A-A72E-0E02F86470A2}
		{80D35927-F3FA-4C98-BA36-CCE9ED703B65} = {8A88D6A6-541D-46B1-A93D-D28C88636F72}
		{DB1C6CA6-3A91-44EE-8319-AC409DDAF76C} = {65CB8E8F-798E-49B3-99E7-D280C0F554E4}
		{DACF3B47-FEC3-4D9E-9088-0AA375FE41D6} = {F04CC7A5-490F-4E3B-B57A-B8F778FF76C2}
		{65CB8E8F-798E-49B3-99E7-D280C0F554E4} = {8F931D43-5C1A-4BB0-A03D-2D4F2D573F5B}
		{EDFE90A9-63AA-4A18-984D-8389F60E7094} = {A57C4173-555B-4017-96AF-3EEEB7FC4E39}
		{85818338-0F10-48E8-A1C6-E6AE966D175F} = {A57C4173-555B-4017-96AF-3EEEB7FC4E39}
	EndGlobalSection
	GlobalSection(ExtensibilityGlobals) = postSolution
		SolutionGuid = {E314B348-4C9A-40F6-804C-1BA7500D631E}
	EndGlobalSection
EndGlobal
